// !$*UTF8*$!
{
	archiveVersion = 1;
	classes = {
	};
	objectVersion = 55;
	objects = {

/* Begin PBXBuildFile section */
		849562D22975403700A4740D /* MyRecordTableViewCell.swift in Sources */ = {isa = PBXBuildFile; fileRef = 849562D02975403700A4740D /* MyRecordTableViewCell.swift */; };
		849562D32975403700A4740D /* MyRecordTableViewCell.xib in Resources */ = {isa = PBXBuildFile; fileRef = 849562D12975403700A4740D /* MyRecordTableViewCell.xib */; };
		849562DA29755A0300A4740D /* MyUploadVideoView.swift in Sources */ = {isa = PBXBuildFile; fileRef = 849562D929755A0300A4740D /* MyUploadVideoView.swift */; };
		849562DF29755E4F00A4740D /* MyUploadTableViewCell.swift in Sources */ = {isa = PBXBuildFile; fileRef = 849562DD29755E4F00A4740D /* MyUploadTableViewCell.swift */; };
		849562E029755E4F00A4740D /* MyUploadTableViewCell.xib in Resources */ = {isa = PBXBuildFile; fileRef = 849562DE29755E4F00A4740D /* MyUploadTableViewCell.xib */; };
		849562E42976458F00A4740D /* EditDescriptViewController.swift in Sources */ = {isa = PBXBuildFile; fileRef = 849562E22976458F00A4740D /* EditDescriptViewController.swift */; };
		849562E52976458F00A4740D /* EditDescriptViewController.xib in Resources */ = {isa = PBXBuildFile; fileRef = 849562E32976458F00A4740D /* EditDescriptViewController.xib */; };
		849562E829768EB900A4740D /* EditObjectCell.swift in Sources */ = {isa = PBXBuildFile; fileRef = 849562E629768EB900A4740D /* EditObjectCell.swift */; };
		849562E929768EB900A4740D /* EditObjectCell.xib in Resources */ = {isa = PBXBuildFile; fileRef = 849562E729768EB900A4740D /* EditObjectCell.xib */; };
		849562ED297694F800A4740D /* EditObjectViewController.swift in Sources */ = {isa = PBXBuildFile; fileRef = 849562EB297694F800A4740D /* EditObjectViewController.swift */; };
		849562EE297694F800A4740D /* EditObjectViewController.xib in Resources */ = {isa = PBXBuildFile; fileRef = 849562EC297694F800A4740D /* EditObjectViewController.xib */; };
		849562F229769D5B00A4740D /* PersonalAccountViewController.swift in Sources */ = {isa = PBXBuildFile; fileRef = 849562F029769D5B00A4740D /* PersonalAccountViewController.swift */; };
		849562F329769D5B00A4740D /* PersonalAccountViewController.xib in Resources */ = {isa = PBXBuildFile; fileRef = 849562F129769D5B00A4740D /* PersonalAccountViewController.xib */; };
		849CAFE92988B7B5003BD4FB /* TabbarViewController.swift in Sources */ = {isa = PBXBuildFile; fileRef = 849CAFE82988B7B5003BD4FB /* TabbarViewController.swift */; };
		849CAFEC2988B7FC003BD4FB /* HomeViewController.swift in Sources */ = {isa = PBXBuildFile; fileRef = 849CAFEA2988B7FC003BD4FB /* HomeViewController.swift */; };
		849CAFED2988B7FC003BD4FB /* HomeViewController.xib in Resources */ = {isa = PBXBuildFile; fileRef = 849CAFEB2988B7FC003BD4FB /* HomeViewController.xib */; };
		849CAFF02988B814003BD4FB /* FavoriteViewController.swift in Sources */ = {isa = PBXBuildFile; fileRef = 849CAFEE2988B814003BD4FB /* FavoriteViewController.swift */; };
		849CAFF12988B814003BD4FB /* FavoriteViewController.xib in Resources */ = {isa = PBXBuildFile; fileRef = 849CAFEF2988B814003BD4FB /* FavoriteViewController.xib */; };
		849CAFF42988B82B003BD4FB /* LiveStreamViewController.swift in Sources */ = {isa = PBXBuildFile; fileRef = 849CAFF22988B82B003BD4FB /* LiveStreamViewController.swift */; };
		849CAFF52988B82B003BD4FB /* LiveStreamViewController.xib in Resources */ = {isa = PBXBuildFile; fileRef = 849CAFF32988B82B003BD4FB /* LiveStreamViewController.xib */; };
		849CAFF82988B83F003BD4FB /* RankingViewController.swift in Sources */ = {isa = PBXBuildFile; fileRef = 849CAFF62988B83F003BD4FB /* RankingViewController.swift */; };
		849CAFF92988B83F003BD4FB /* RankingViewController.xib in Resources */ = {isa = PBXBuildFile; fileRef = 849CAFF72988B83F003BD4FB /* RankingViewController.xib */; };
		849CAFFB2988CFFB003BD4FB /* ConclusionItem.swift in Sources */ = {isa = PBXBuildFile; fileRef = 849CAFFA2988CFFB003BD4FB /* ConclusionItem.swift */; };
		849CAFFD2988F07D003BD4FB /* ConclusionView.swift in Sources */ = {isa = PBXBuildFile; fileRef = 849CAFFC2988F07D003BD4FB /* ConclusionView.swift */; };
		849CAFFF2988FB18003BD4FB /* ConclusionSpacing.swift in Sources */ = {isa = PBXBuildFile; fileRef = 849CAFFE2988FB18003BD4FB /* ConclusionSpacing.swift */; };
		849CB0062989133E003BD4FB /* PersonalAccountTableViewCell.swift in Sources */ = {isa = PBXBuildFile; fileRef = 849CB0042989133E003BD4FB /* PersonalAccountTableViewCell.swift */; };
		849CB0072989133E003BD4FB /* PersonalAccountTableViewCell.xib in Resources */ = {isa = PBXBuildFile; fileRef = 849CB0052989133E003BD4FB /* PersonalAccountTableViewCell.xib */; };
		849CB00A298A0C99003BD4FB /* SettingViewController.swift in Sources */ = {isa = PBXBuildFile; fileRef = 849CB008298A0C99003BD4FB /* SettingViewController.swift */; };
		849CB00B298A0C99003BD4FB /* SettingViewController.xib in Resources */ = {isa = PBXBuildFile; fileRef = 849CB009298A0C99003BD4FB /* SettingViewController.xib */; };
		849CB00E298B94DA003BD4FB /* EditUploadViewController.swift in Sources */ = {isa = PBXBuildFile; fileRef = 849CB00C298B94DA003BD4FB /* EditUploadViewController.swift */; };
		849CB00F298B94DA003BD4FB /* EditUploadViewController.xib in Resources */ = {isa = PBXBuildFile; fileRef = 849CB00D298B94DA003BD4FB /* EditUploadViewController.xib */; };
		84A3AF9A295D742D00F85434 /* Sarabun-SemiBold.ttf in Resources */ = {isa = PBXBuildFile; fileRef = 84A3AF99295D742D00F85434 /* Sarabun-SemiBold.ttf */; };
		84A3AF9D295D94DA00F85434 /* ThirdViewController.swift in Sources */ = {isa = PBXBuildFile; fileRef = 84A3AF9B295D94DA00F85434 /* ThirdViewController.swift */; };
		84A3AF9E295D94DA00F85434 /* ThirdViewController.xib in Resources */ = {isa = PBXBuildFile; fileRef = 84A3AF9C295D94DA00F85434 /* ThirdViewController.xib */; };
		84A3AFA5296554F900F85434 /* DiamondCollectionViewCell.swift in Sources */ = {isa = PBXBuildFile; fileRef = 84A3AFA3296554F900F85434 /* DiamondCollectionViewCell.swift */; };
		84A3AFA6296554F900F85434 /* DiamondCollectionViewCell.xib in Resources */ = {isa = PBXBuildFile; fileRef = 84A3AFA4296554F900F85434 /* DiamondCollectionViewCell.xib */; };
		84B8B982296ECC90007F3C48 /* TabItem.swift in Sources */ = {isa = PBXBuildFile; fileRef = 84B8B981296ECC90007F3C48 /* TabItem.swift */; };
		84B8B984296ECCC2007F3C48 /* TabbarGradient.swift in Sources */ = {isa = PBXBuildFile; fileRef = 84B8B983296ECCC2007F3C48 /* TabbarGradient.swift */; };
		84B8B987296FA777007F3C48 /* DiamondTopupView.swift in Sources */ = {isa = PBXBuildFile; fileRef = 84B8B986296FA777007F3C48 /* DiamondTopupView.swift */; };
		84B8B989296FA78C007F3C48 /* RubyTopupView.swift in Sources */ = {isa = PBXBuildFile; fileRef = 84B8B988296FA78C007F3C48 /* RubyTopupView.swift */; };
		84B8B98B296FA7A3007F3C48 /* RoseTopupView.swift in Sources */ = {isa = PBXBuildFile; fileRef = 84B8B98A296FA7A3007F3C48 /* RoseTopupView.swift */; };
		84B8B991296FE712007F3C48 /* SpacingItem.swift in Sources */ = {isa = PBXBuildFile; fileRef = 84B8B990296FE711007F3C48 /* SpacingItem.swift */; };
		84B8B99529701757007F3C48 /* LivestreamCenterViewController.swift in Sources */ = {isa = PBXBuildFile; fileRef = 84B8B99329701757007F3C48 /* LivestreamCenterViewController.swift */; };
		84B8B99629701757007F3C48 /* LivestreamCenterViewController.xib in Resources */ = {isa = PBXBuildFile; fileRef = 84B8B99429701757007F3C48 /* LivestreamCenterViewController.xib */; };
		84B8B99D29701D8C007F3C48 /* VideoRecordViewController.swift in Sources */ = {isa = PBXBuildFile; fileRef = 84B8B99B29701D8C007F3C48 /* VideoRecordViewController.swift */; };
		84B8B99E29701D8C007F3C48 /* VideoRecordViewController.xib in Resources */ = {isa = PBXBuildFile; fileRef = 84B8B99C29701D8C007F3C48 /* VideoRecordViewController.xib */; };
		84B8B9A12974F24A007F3C48 /* LiveStreamCenterTableViewCell.swift in Sources */ = {isa = PBXBuildFile; fileRef = 84B8B99F2974F24A007F3C48 /* LiveStreamCenterTableViewCell.swift */; };
		84B8B9A22974F24A007F3C48 /* LiveStreamCenterTableViewCell.xib in Resources */ = {isa = PBXBuildFile; fileRef = 84B8B9A02974F24A007F3C48 /* LiveStreamCenterTableViewCell.xib */; };
		84B8B9A629752405007F3C48 /* RecordVideoTabbar.swift in Sources */ = {isa = PBXBuildFile; fileRef = 84B8B9A529752405007F3C48 /* RecordVideoTabbar.swift */; };
		84B8B9A8297525C2007F3C48 /* RecordVideoTabItem.swift in Sources */ = {isa = PBXBuildFile; fileRef = 84B8B9A7297525C2007F3C48 /* RecordVideoTabItem.swift */; };
		84BA000029542C5200CD858F /* ViewController.swift in Sources */ = {isa = PBXBuildFile; fileRef = 84BAFFFF29542C5200CD858F /* ViewController.swift */; };
		84BA000529542C5300CD858F /* Assets.xcassets in Resources */ = {isa = PBXBuildFile; fileRef = 84BA000429542C5300CD858F /* Assets.xcassets */; };
		84BA000829542C5300CD858F /* LaunchScreen.storyboard in Resources */ = {isa = PBXBuildFile; fileRef = 84BA000629542C5300CD858F /* LaunchScreen.storyboard */; };
		84BA00152954307E00CD858F /* AuthViewController.swift in Sources */ = {isa = PBXBuildFile; fileRef = 84BA00132954307E00CD858F /* AuthViewController.swift */; };
		84BA00162954307E00CD858F /* AuthViewController.xib in Resources */ = {isa = PBXBuildFile; fileRef = 84BA00142954307E00CD858F /* AuthViewController.xib */; };
		84BA0018295431D000CD858F /* ViewController.xib in Resources */ = {isa = PBXBuildFile; fileRef = 84BA0017295431D000CD858F /* ViewController.xib */; };
		84BA003D29545DB800CD858F /* SecondViewController.swift in Sources */ = {isa = PBXBuildFile; fileRef = 84BA003B29545DB800CD858F /* SecondViewController.swift */; };
		84BA003E29545DB800CD858F /* SecondViewController.xib in Resources */ = {isa = PBXBuildFile; fileRef = 84BA003C29545DB800CD858F /* SecondViewController.xib */; };
		84BA0047295946BB00CD858F /* BottomSheetViewController.swift in Sources */ = {isa = PBXBuildFile; fileRef = 84BA0045295946BB00CD858F /* BottomSheetViewController.swift */; };
		84BA0048295946BB00CD858F /* BottomSheetViewController.xib in Resources */ = {isa = PBXBuildFile; fileRef = 84BA0046295946BB00CD858F /* BottomSheetViewController.xib */; };
		84BA004B2959719600CD858F /* CustomCell.swift in Sources */ = {isa = PBXBuildFile; fileRef = 84BA00492959719600CD858F /* CustomCell.swift */; };
		84BA004C2959719600CD858F /* CustomCell.xib in Resources */ = {isa = PBXBuildFile; fileRef = 84BA004A2959719600CD858F /* CustomCell.xib */; };
		84BA0053295BF3BE00CD858F /* Sarabun-Regular.ttf in Resources */ = {isa = PBXBuildFile; fileRef = 84BA0051295BF02B00CD858F /* Sarabun-Regular.ttf */; };
		84BA0054295BF3C200CD858F /* Sarabun-Medium.ttf in Resources */ = {isa = PBXBuildFile; fileRef = 84BA0052295BF07A00CD858F /* Sarabun-Medium.ttf */; };
		84BA0057295BFA0100CD858F /* Sarabun-Thin.ttf in Resources */ = {isa = PBXBuildFile; fileRef = 84BA0056295BFA0100CD858F /* Sarabun-Thin.ttf */; };
		84BAFFFC29542C5200CD858F /* AppDelegate.swift in Sources */ = {isa = PBXBuildFile; fileRef = 84BAFFFB29542C5200CD858F /* AppDelegate.swift */; };
/* End PBXBuildFile section */

/* Begin PBXFileReference section */
		849562D02975403700A4740D /* MyRecordTableViewCell.swift */ = {isa = PBXFileReference; lastKnownFileType = sourcecode.swift; path = MyRecordTableViewCell.swift; sourceTree = "<group>"; };
		849562D12975403700A4740D /* MyRecordTableViewCell.xib */ = {isa = PBXFileReference; lastKnownFileType = file.xib; path = MyRecordTableViewCell.xib; sourceTree = "<group>"; };
		849562D929755A0300A4740D /* MyUploadVideoView.swift */ = {isa = PBXFileReference; lastKnownFileType = sourcecode.swift; path = MyUploadVideoView.swift; sourceTree = "<group>"; };
		849562DD29755E4F00A4740D /* MyUploadTableViewCell.swift */ = {isa = PBXFileReference; lastKnownFileType = sourcecode.swift; path = MyUploadTableViewCell.swift; sourceTree = "<group>"; };
		849562DE29755E4F00A4740D /* MyUploadTableViewCell.xib */ = {isa = PBXFileReference; lastKnownFileType = file.xib; path = MyUploadTableViewCell.xib; sourceTree = "<group>"; };
		849562E22976458F00A4740D /* EditDescriptViewController.swift */ = {isa = PBXFileReference; lastKnownFileType = sourcecode.swift; path = EditDescriptViewController.swift; sourceTree = "<group>"; };
		849562E32976458F00A4740D /* EditDescriptViewController.xib */ = {isa = PBXFileReference; lastKnownFileType = file.xib; path = EditDescriptViewController.xib; sourceTree = "<group>"; };
		849562E629768EB900A4740D /* EditObjectCell.swift */ = {isa = PBXFileReference; lastKnownFileType = sourcecode.swift; path = EditObjectCell.swift; sourceTree = "<group>"; };
		849562E729768EB900A4740D /* EditObjectCell.xib */ = {isa = PBXFileReference; lastKnownFileType = file.xib; path = EditObjectCell.xib; sourceTree = "<group>"; };
		849562EB297694F800A4740D /* EditObjectViewController.swift */ = {isa = PBXFileReference; lastKnownFileType = sourcecode.swift; path = EditObjectViewController.swift; sourceTree = "<group>"; };
		849562EC297694F800A4740D /* EditObjectViewController.xib */ = {isa = PBXFileReference; lastKnownFileType = file.xib; path = EditObjectViewController.xib; sourceTree = "<group>"; };
		849562F029769D5B00A4740D /* PersonalAccountViewController.swift */ = {isa = PBXFileReference; lastKnownFileType = sourcecode.swift; path = PersonalAccountViewController.swift; sourceTree = "<group>"; };
		849562F129769D5B00A4740D /* PersonalAccountViewController.xib */ = {isa = PBXFileReference; lastKnownFileType = file.xib; path = PersonalAccountViewController.xib; sourceTree = "<group>"; };
		849CAFE82988B7B5003BD4FB /* TabbarViewController.swift */ = {isa = PBXFileReference; lastKnownFileType = sourcecode.swift; path = TabbarViewController.swift; sourceTree = "<group>"; };
		849CAFEA2988B7FC003BD4FB /* HomeViewController.swift */ = {isa = PBXFileReference; lastKnownFileType = sourcecode.swift; path = HomeViewController.swift; sourceTree = "<group>"; };
		849CAFEB2988B7FC003BD4FB /* HomeViewController.xib */ = {isa = PBXFileReference; lastKnownFileType = file.xib; path = HomeViewController.xib; sourceTree = "<group>"; };
		849CAFEE2988B814003BD4FB /* FavoriteViewController.swift */ = {isa = PBXFileReference; lastKnownFileType = sourcecode.swift; path = FavoriteViewController.swift; sourceTree = "<group>"; };
		849CAFEF2988B814003BD4FB /* FavoriteViewController.xib */ = {isa = PBXFileReference; lastKnownFileType = file.xib; path = FavoriteViewController.xib; sourceTree = "<group>"; };
		849CAFF22988B82B003BD4FB /* LiveStreamViewController.swift */ = {isa = PBXFileReference; lastKnownFileType = sourcecode.swift; path = LiveStreamViewController.swift; sourceTree = "<group>"; };
		849CAFF32988B82B003BD4FB /* LiveStreamViewController.xib */ = {isa = PBXFileReference; lastKnownFileType = file.xib; path = LiveStreamViewController.xib; sourceTree = "<group>"; };
		849CAFF62988B83F003BD4FB /* RankingViewController.swift */ = {isa = PBXFileReference; lastKnownFileType = sourcecode.swift; path = RankingViewController.swift; sourceTree = "<group>"; };
		849CAFF72988B83F003BD4FB /* RankingViewController.xib */ = {isa = PBXFileReference; lastKnownFileType = file.xib; path = RankingViewController.xib; sourceTree = "<group>"; };
		849CAFFA2988CFFB003BD4FB /* ConclusionItem.swift */ = {isa = PBXFileReference; lastKnownFileType = sourcecode.swift; path = ConclusionItem.swift; sourceTree = "<group>"; };
		849CAFFC2988F07D003BD4FB /* ConclusionView.swift */ = {isa = PBXFileReference; lastKnownFileType = sourcecode.swift; path = ConclusionView.swift; sourceTree = "<group>"; };
		849CAFFE2988FB18003BD4FB /* ConclusionSpacing.swift */ = {isa = PBXFileReference; lastKnownFileType = sourcecode.swift; path = ConclusionSpacing.swift; sourceTree = "<group>"; };
		849CB0042989133E003BD4FB /* PersonalAccountTableViewCell.swift */ = {isa = PBXFileReference; lastKnownFileType = sourcecode.swift; path = PersonalAccountTableViewCell.swift; sourceTree = "<group>"; };
		849CB0052989133E003BD4FB /* PersonalAccountTableViewCell.xib */ = {isa = PBXFileReference; lastKnownFileType = file.xib; path = PersonalAccountTableViewCell.xib; sourceTree = "<group>"; };
		849CB008298A0C99003BD4FB /* SettingViewController.swift */ = {isa = PBXFileReference; lastKnownFileType = sourcecode.swift; path = SettingViewController.swift; sourceTree = "<group>"; };
		849CB009298A0C99003BD4FB /* SettingViewController.xib */ = {isa = PBXFileReference; lastKnownFileType = file.xib; path = SettingViewController.xib; sourceTree = "<group>"; };
		849CB00C298B94DA003BD4FB /* EditUploadViewController.swift */ = {isa = PBXFileReference; lastKnownFileType = sourcecode.swift; path = EditUploadViewController.swift; sourceTree = "<group>"; };
		849CB00D298B94DA003BD4FB /* EditUploadViewController.xib */ = {isa = PBXFileReference; lastKnownFileType = file.xib; path = EditUploadViewController.xib; sourceTree = "<group>"; };
		84A3AF99295D742D00F85434 /* Sarabun-SemiBold.ttf */ = {isa = PBXFileReference; lastKnownFileType = file; path = "Sarabun-SemiBold.ttf"; sourceTree = "<group>"; };
		84A3AF9B295D94DA00F85434 /* ThirdViewController.swift */ = {isa = PBXFileReference; lastKnownFileType = sourcecode.swift; path = ThirdViewController.swift; sourceTree = "<group>"; };
		84A3AF9C295D94DA00F85434 /* ThirdViewController.xib */ = {isa = PBXFileReference; lastKnownFileType = file.xib; path = ThirdViewController.xib; sourceTree = "<group>"; };
		84A3AFA3296554F900F85434 /* DiamondCollectionViewCell.swift */ = {isa = PBXFileReference; lastKnownFileType = sourcecode.swift; path = DiamondCollectionViewCell.swift; sourceTree = "<group>"; };
		84A3AFA4296554F900F85434 /* DiamondCollectionViewCell.xib */ = {isa = PBXFileReference; lastKnownFileType = file.xib; path = DiamondCollectionViewCell.xib; sourceTree = "<group>"; };
		84B8B981296ECC90007F3C48 /* TabItem.swift */ = {isa = PBXFileReference; lastKnownFileType = sourcecode.swift; path = TabItem.swift; sourceTree = "<group>"; };
		84B8B983296ECCC2007F3C48 /* TabbarGradient.swift */ = {isa = PBXFileReference; lastKnownFileType = sourcecode.swift; path = TabbarGradient.swift; sourceTree = "<group>"; };
		84B8B986296FA777007F3C48 /* DiamondTopupView.swift */ = {isa = PBXFileReference; lastKnownFileType = sourcecode.swift; path = DiamondTopupView.swift; sourceTree = "<group>"; };
		84B8B988296FA78C007F3C48 /* RubyTopupView.swift */ = {isa = PBXFileReference; lastKnownFileType = sourcecode.swift; path = RubyTopupView.swift; sourceTree = "<group>"; };
		84B8B98A296FA7A3007F3C48 /* RoseTopupView.swift */ = {isa = PBXFileReference; lastKnownFileType = sourcecode.swift; path = RoseTopupView.swift; sourceTree = "<group>"; };
		84B8B990296FE711007F3C48 /* SpacingItem.swift */ = {isa = PBXFileReference; lastKnownFileType = sourcecode.swift; path = SpacingItem.swift; sourceTree = "<group>"; };
		84B8B99329701757007F3C48 /* LivestreamCenterViewController.swift */ = {isa = PBXFileReference; lastKnownFileType = sourcecode.swift; path = LivestreamCenterViewController.swift; sourceTree = "<group>"; };
		84B8B99429701757007F3C48 /* LivestreamCenterViewController.xib */ = {isa = PBXFileReference; lastKnownFileType = file.xib; path = LivestreamCenterViewController.xib; sourceTree = "<group>"; };
		84B8B99B29701D8C007F3C48 /* VideoRecordViewController.swift */ = {isa = PBXFileReference; lastKnownFileType = sourcecode.swift; path = VideoRecordViewController.swift; sourceTree = "<group>"; };
		84B8B99C29701D8C007F3C48 /* VideoRecordViewController.xib */ = {isa = PBXFileReference; lastKnownFileType = file.xib; path = VideoRecordViewController.xib; sourceTree = "<group>"; };
		84B8B99F2974F24A007F3C48 /* LiveStreamCenterTableViewCell.swift */ = {isa = PBXFileReference; lastKnownFileType = sourcecode.swift; path = LiveStreamCenterTableViewCell.swift; sourceTree = "<group>"; };
		84B8B9A02974F24A007F3C48 /* LiveStreamCenterTableViewCell.xib */ = {isa = PBXFileReference; lastKnownFileType = file.xib; path = LiveStreamCenterTableViewCell.xib; sourceTree = "<group>"; };
		84B8B9A529752405007F3C48 /* RecordVideoTabbar.swift */ = {isa = PBXFileReference; lastKnownFileType = sourcecode.swift; path = RecordVideoTabbar.swift; sourceTree = "<group>"; };
		84B8B9A7297525C2007F3C48 /* RecordVideoTabItem.swift */ = {isa = PBXFileReference; lastKnownFileType = sourcecode.swift; path = RecordVideoTabItem.swift; sourceTree = "<group>"; };
		84BA000429542C5300CD858F /* Assets.xcassets */ = {isa = PBXFileReference; lastKnownFileType = folder.assetcatalog; path = Assets.xcassets; sourceTree = "<group>"; };
		84BA000729542C5300CD858F /* Base */ = {isa = PBXFileReference; lastKnownFileType = file.storyboard; name = Base; path = Base.lproj/LaunchScreen.storyboard; sourceTree = "<group>"; };
		84BA000929542C5300CD858F /* Info.plist */ = {isa = PBXFileReference; lastKnownFileType = text.plist.xml; path = Info.plist; sourceTree = "<group>"; };
		84BA00132954307E00CD858F /* AuthViewController.swift */ = {isa = PBXFileReference; lastKnownFileType = sourcecode.swift; path = AuthViewController.swift; sourceTree = "<group>"; };
		84BA00142954307E00CD858F /* AuthViewController.xib */ = {isa = PBXFileReference; lastKnownFileType = file.xib; path = AuthViewController.xib; sourceTree = "<group>"; };
		84BA0017295431D000CD858F /* ViewController.xib */ = {isa = PBXFileReference; lastKnownFileType = file.xib; path = ViewController.xib; sourceTree = "<group>"; };
		84BA003B29545DB800CD858F /* SecondViewController.swift */ = {isa = PBXFileReference; lastKnownFileType = sourcecode.swift; path = SecondViewController.swift; sourceTree = "<group>"; };
		84BA003C29545DB800CD858F /* SecondViewController.xib */ = {isa = PBXFileReference; lastKnownFileType = file.xib; path = SecondViewController.xib; sourceTree = "<group>"; };
		84BA0045295946BB00CD858F /* BottomSheetViewController.swift */ = {isa = PBXFileReference; lastKnownFileType = sourcecode.swift; path = BottomSheetViewController.swift; sourceTree = "<group>"; };
		84BA0046295946BB00CD858F /* BottomSheetViewController.xib */ = {isa = PBXFileReference; lastKnownFileType = file.xib; path = BottomSheetViewController.xib; sourceTree = "<group>"; };
		84BA00492959719600CD858F /* CustomCell.swift */ = {isa = PBXFileReference; lastKnownFileType = sourcecode.swift; path = CustomCell.swift; sourceTree = "<group>"; };
		84BA004A2959719600CD858F /* CustomCell.xib */ = {isa = PBXFileReference; lastKnownFileType = file.xib; path = CustomCell.xib; sourceTree = "<group>"; };
		84BA0051295BF02B00CD858F /* Sarabun-Regular.ttf */ = {isa = PBXFileReference; lastKnownFileType = file; path = "Sarabun-Regular.ttf"; sourceTree = "<group>"; };
		84BA0052295BF07A00CD858F /* Sarabun-Medium.ttf */ = {isa = PBXFileReference; lastKnownFileType = file; path = "Sarabun-Medium.ttf"; sourceTree = "<group>"; };
		84BA0056295BFA0100CD858F /* Sarabun-Thin.ttf */ = {isa = PBXFileReference; lastKnownFileType = file; path = "Sarabun-Thin.ttf"; sourceTree = "<group>"; };
		84BAFFF829542C5200CD858F /* TestXib.app */ = {isa = PBXFileReference; explicitFileType = wrapper.application; includeInIndex = 0; path = TestXib.app; sourceTree = BUILT_PRODUCTS_DIR; };
		84BAFFFB29542C5200CD858F /* AppDelegate.swift */ = {isa = PBXFileReference; lastKnownFileType = sourcecode.swift; path = AppDelegate.swift; sourceTree = "<group>"; };
		84BAFFFF29542C5200CD858F /* ViewController.swift */ = {isa = PBXFileReference; lastKnownFileType = sourcecode.swift; path = ViewController.swift; sourceTree = "<group>"; };
/* End PBXFileReference section */

/* Begin PBXFrameworksBuildPhase section */
		84BAFFF529542C5200CD858F /* Frameworks */ = {
			isa = PBXFrameworksBuildPhase;
			buildActionMask = 2147483647;
			files = (
			);
			runOnlyForDeploymentPostprocessing = 0;
		};
/* End PBXFrameworksBuildPhase section */

/* Begin PBXGroup section */
		849562CF29753FBC00A4740D /* MyRecordVideoCell */ = {
			isa = PBXGroup;
			children = (
				849562D02975403700A4740D /* MyRecordTableViewCell.swift */,
				849562D12975403700A4740D /* MyRecordTableViewCell.xib */,
			);
			path = MyRecordVideoCell;
			sourceTree = "<group>";
		};
		849562D42975596100A4740D /* MyUploadVideoTable */ = {
			isa = PBXGroup;
			children = (
				849562D929755A0300A4740D /* MyUploadVideoView.swift */,
				849562DD29755E4F00A4740D /* MyUploadTableViewCell.swift */,
				849562DE29755E4F00A4740D /* MyUploadTableViewCell.xib */,
			);
			path = MyUploadVideoTable;
			sourceTree = "<group>";
		};
		849562E1297644BE00A4740D /* EditVideoDescriptScreen */ = {
			isa = PBXGroup;
			children = (
				849562E22976458F00A4740D /* EditDescriptViewController.swift */,
				849562E32976458F00A4740D /* EditDescriptViewController.xib */,
				849562E629768EB900A4740D /* EditObjectCell.swift */,
				849562E729768EB900A4740D /* EditObjectCell.xib */,
				849562EA297694A700A4740D /* EditScreen */,
			);
			path = EditVideoDescriptScreen;
			sourceTree = "<group>";
		};
		849562EA297694A700A4740D /* EditScreen */ = {
			isa = PBXGroup;
			children = (
				849562EB297694F800A4740D /* EditObjectViewController.swift */,
				849562EC297694F800A4740D /* EditObjectViewController.xib */,
			);
			path = EditScreen;
			sourceTree = "<group>";
		};
		849562EF29769D0300A4740D /* PersonalScreen */ = {
			isa = PBXGroup;
			children = (
				849CB000298911E7003BD4FB /* PersonalAccountView */,
				849562F42976AB7300A4740D /* CustomConclusionView */,
				84B8B99229701711007F3C48 /* LiveStreamCenter */,
			);
			path = PersonalScreen;
			sourceTree = "<group>";
		};
		849562F42976AB7300A4740D /* CustomConclusionView */ = {
			isa = PBXGroup;
			children = (
				849CAFFA2988CFFB003BD4FB /* ConclusionItem.swift */,
				849CAFFC2988F07D003BD4FB /* ConclusionView.swift */,
				849CAFFE2988FB18003BD4FB /* ConclusionSpacing.swift */,
			);
			path = CustomConclusionView;
			sourceTree = "<group>";
		};
		849CAFDB2988B0CE003BD4FB /* OtherView */ = {
			isa = PBXGroup;
			children = (
				849CAFEA2988B7FC003BD4FB /* HomeViewController.swift */,
				849CAFEB2988B7FC003BD4FB /* HomeViewController.xib */,
				849CAFEE2988B814003BD4FB /* FavoriteViewController.swift */,
				849CAFEF2988B814003BD4FB /* FavoriteViewController.xib */,
				849CAFF22988B82B003BD4FB /* LiveStreamViewController.swift */,
				849CAFF32988B82B003BD4FB /* LiveStreamViewController.xib */,
				849CAFF62988B83F003BD4FB /* RankingViewController.swift */,
				849CAFF72988B83F003BD4FB /* RankingViewController.xib */,
				849CB008298A0C99003BD4FB /* SettingViewController.swift */,
				849CB009298A0C99003BD4FB /* SettingViewController.xib */,
				849CB00C298B94DA003BD4FB /* EditUploadViewController.swift */,
				849CB00D298B94DA003BD4FB /* EditUploadViewController.xib */,
			);
			path = OtherView;
			sourceTree = "<group>";
		};
		849CB000298911E7003BD4FB /* PersonalAccountView */ = {
			isa = PBXGroup;
			children = (
				849562F029769D5B00A4740D /* PersonalAccountViewController.swift */,
				849562F129769D5B00A4740D /* PersonalAccountViewController.xib */,
				849CB0012989120A003BD4FB /* PersonalAccountTable */,
			);
			path = PersonalAccountView;
			sourceTree = "<group>";
		};
		849CB0012989120A003BD4FB /* PersonalAccountTable */ = {
			isa = PBXGroup;
			children = (
				849CB0042989133E003BD4FB /* PersonalAccountTableViewCell.swift */,
				849CB0052989133E003BD4FB /* PersonalAccountTableViewCell.xib */,
			);
			path = PersonalAccountTable;
			sourceTree = "<group>";
		};
		84A3AFA12965545700F85434 /* SecondView */ = {
			isa = PBXGroup;
			children = (
				84BA003B29545DB800CD858F /* SecondViewController.swift */,
				84BA003C29545DB800CD858F /* SecondViewController.xib */,
				84BA0045295946BB00CD858F /* BottomSheetViewController.swift */,
				84BA0046295946BB00CD858F /* BottomSheetViewController.xib */,
				84BA00492959719600CD858F /* CustomCell.swift */,
				84BA004A2959719600CD858F /* CustomCell.xib */,
			);
			path = SecondView;
			sourceTree = "<group>";
		};
		84A3AFA22965548C00F85434 /* ThirdView */ = {
			isa = PBXGroup;
			children = (
				84A3AF9B295D94DA00F85434 /* ThirdViewController.swift */,
				84A3AF9C295D94DA00F85434 /* ThirdViewController.xib */,
				84A3AFA3296554F900F85434 /* DiamondCollectionViewCell.swift */,
				84A3AFA4296554F900F85434 /* DiamondCollectionViewCell.xib */,
				84B8B985296ECCE5007F3C48 /* CustomTopupView */,
				84B8B980296ECC59007F3C48 /* CustomTabView */,
			);
			path = ThirdView;
			sourceTree = "<group>";
		};
		84B8B980296ECC59007F3C48 /* CustomTabView */ = {
			isa = PBXGroup;
			children = (
				84B8B981296ECC90007F3C48 /* TabItem.swift */,
				84B8B983296ECCC2007F3C48 /* TabbarGradient.swift */,
				84B8B990296FE711007F3C48 /* SpacingItem.swift */,
			);
			path = CustomTabView;
			sourceTree = "<group>";
		};
		84B8B985296ECCE5007F3C48 /* CustomTopupView */ = {
			isa = PBXGroup;
			children = (
				84B8B986296FA777007F3C48 /* DiamondTopupView.swift */,
				84B8B988296FA78C007F3C48 /* RubyTopupView.swift */,
				84B8B98A296FA7A3007F3C48 /* RoseTopupView.swift */,
			);
			path = CustomTopupView;
			sourceTree = "<group>";
		};
		84B8B99229701711007F3C48 /* LiveStreamCenter */ = {
			isa = PBXGroup;
			children = (
				84B8B9A32974F25F007F3C48 /* LiveStreamCenterScreen */,
				84B8B9A4297523AB007F3C48 /* VideoRecordScreen */,
				849562E1297644BE00A4740D /* EditVideoDescriptScreen */,
			);
			path = LiveStreamCenter;
			sourceTree = "<group>";
		};
		84B8B9A32974F25F007F3C48 /* LiveStreamCenterScreen */ = {
			isa = PBXGroup;
			children = (
				84B8B99329701757007F3C48 /* LivestreamCenterViewController.swift */,
				84B8B99429701757007F3C48 /* LivestreamCenterViewController.xib */,
				84B8B99F2974F24A007F3C48 /* LiveStreamCenterTableViewCell.swift */,
				84B8B9A02974F24A007F3C48 /* LiveStreamCenterTableViewCell.xib */,
			);
			path = LiveStreamCenterScreen;
			sourceTree = "<group>";
		};
		84B8B9A4297523AB007F3C48 /* VideoRecordScreen */ = {
			isa = PBXGroup;
			children = (
				84B8B99B29701D8C007F3C48 /* VideoRecordViewController.swift */,
				84B8B99C29701D8C007F3C48 /* VideoRecordViewController.xib */,
				84B8B9A529752405007F3C48 /* RecordVideoTabbar.swift */,
				84B8B9A7297525C2007F3C48 /* RecordVideoTabItem.swift */,
				849562CF29753FBC00A4740D /* MyRecordVideoCell */,
				849562D42975596100A4740D /* MyUploadVideoTable */,
			);
			path = VideoRecordScreen;
			sourceTree = "<group>";
		};
		84BA004F295BEFE800CD858F /* View */ = {
			isa = PBXGroup;
			children = (
				84BA00132954307E00CD858F /* AuthViewController.swift */,
				84BA00142954307E00CD858F /* AuthViewController.xib */,
				84BAFFFF29542C5200CD858F /* ViewController.swift */,
				84BA0017295431D000CD858F /* ViewController.xib */,
				849CAFE82988B7B5003BD4FB /* TabbarViewController.swift */,
				84A3AFA12965545700F85434 /* SecondView */,
				84A3AFA22965548C00F85434 /* ThirdView */,
				849562EF29769D0300A4740D /* PersonalScreen */,
				849CAFDB2988B0CE003BD4FB /* OtherView */,
			);
			path = View;
			sourceTree = "<group>";
		};
		84BA0050295BEFF400CD858F /* Font */ = {
			isa = PBXGroup;
			children = (
				84BA0051295BF02B00CD858F /* Sarabun-Regular.ttf */,
				84A3AF99295D742D00F85434 /* Sarabun-SemiBold.ttf */,
				84BA0052295BF07A00CD858F /* Sarabun-Medium.ttf */,
				84BA0056295BFA0100CD858F /* Sarabun-Thin.ttf */,
			);
			path = Font;
			sourceTree = "<group>";
		};
		84BAFFEF29542C5200CD858F = {
			isa = PBXGroup;
			children = (
				84BAFFFA29542C5200CD858F /* TestXib */,
				84BA0050295BEFF400CD858F /* Font */,
				84BAFFF929542C5200CD858F /* Products */,
			);
			sourceTree = "<group>";
		};
		84BAFFF929542C5200CD858F /* Products */ = {
			isa = PBXGroup;
			children = (
				84BAFFF829542C5200CD858F /* TestXib.app */,
			);
			name = Products;
			sourceTree = "<group>";
		};
		84BAFFFA29542C5200CD858F /* TestXib */ = {
			isa = PBXGroup;
			children = (
				84BAFFFB29542C5200CD858F /* AppDelegate.swift */,
				84BA000429542C5300CD858F /* Assets.xcassets */,
				84BA000629542C5300CD858F /* LaunchScreen.storyboard */,
				84BA000929542C5300CD858F /* Info.plist */,
				84BA004F295BEFE800CD858F /* View */,
			);
			path = TestXib;
			sourceTree = "<group>";
		};
/* End PBXGroup section */

/* Begin PBXNativeTarget section */
		84BAFFF729542C5200CD858F /* TestXib */ = {
			isa = PBXNativeTarget;
			buildConfigurationList = 84BA000C29542C5300CD858F /* Build configuration list for PBXNativeTarget "TestXib" */;
			buildPhases = (
				84BAFFF429542C5200CD858F /* Sources */,
				84BAFFF529542C5200CD858F /* Frameworks */,
				84BAFFF629542C5200CD858F /* Resources */,
			);
			buildRules = (
			);
			dependencies = (
			);
			name = TestXib;
			productName = TestXib;
			productReference = 84BAFFF829542C5200CD858F /* TestXib.app */;
			productType = "com.apple.product-type.application";
		};
/* End PBXNativeTarget section */

/* Begin PBXProject section */
		84BAFFF029542C5200CD858F /* Project object */ = {
			isa = PBXProject;
			attributes = {
				BuildIndependentTargetsInParallel = 1;
				LastSwiftUpdateCheck = 1340;
				LastUpgradeCheck = 1340;
				TargetAttributes = {
					84BAFFF729542C5200CD858F = {
						CreatedOnToolsVersion = 13.4.1;
					};
				};
			};
			buildConfigurationList = 84BAFFF329542C5200CD858F /* Build configuration list for PBXProject "TestXib" */;
			compatibilityVersion = "Xcode 13.0";
			developmentRegion = en;
			hasScannedForEncodings = 0;
			knownRegions = (
				en,
				Base,
			);
			mainGroup = 84BAFFEF29542C5200CD858F;
			productRefGroup = 84BAFFF929542C5200CD858F /* Products */;
			projectDirPath = "";
			projectRoot = "";
			targets = (
				84BAFFF729542C5200CD858F /* TestXib */,
			);
		};
/* End PBXProject section */

/* Begin PBXResourcesBuildPhase section */
		84BAFFF629542C5200CD858F /* Resources */ = {
			isa = PBXResourcesBuildPhase;
			buildActionMask = 2147483647;
			files = (
				84A3AFA6296554F900F85434 /* DiamondCollectionViewCell.xib in Resources */,
				84BA0018295431D000CD858F /* ViewController.xib in Resources */,
				849CAFF12988B814003BD4FB /* FavoriteViewController.xib in Resources */,
				84B8B99E29701D8C007F3C48 /* VideoRecordViewController.xib in Resources */,
				849562E52976458F00A4740D /* EditDescriptViewController.xib in Resources */,
				849562F329769D5B00A4740D /* PersonalAccountViewController.xib in Resources */,
				84BA0048295946BB00CD858F /* BottomSheetViewController.xib in Resources */,
				849CB00B298A0C99003BD4FB /* SettingViewController.xib in Resources */,
				84A3AF9E295D94DA00F85434 /* ThirdViewController.xib in Resources */,
				84BA0053295BF3BE00CD858F /* Sarabun-Regular.ttf in Resources */,
				84B8B99629701757007F3C48 /* LivestreamCenterViewController.xib in Resources */,
				849562E929768EB900A4740D /* EditObjectCell.xib in Resources */,
				84B8B9A22974F24A007F3C48 /* LiveStreamCenterTableViewCell.xib in Resources */,
				849562EE297694F800A4740D /* EditObjectViewController.xib in Resources */,
				84BA004C2959719600CD858F /* CustomCell.xib in Resources */,
				84BA00162954307E00CD858F /* AuthViewController.xib in Resources */,
				84BA000829542C5300CD858F /* LaunchScreen.storyboard in Resources */,
				849CB00F298B94DA003BD4FB /* EditUploadViewController.xib in Resources */,
				84BA0057295BFA0100CD858F /* Sarabun-Thin.ttf in Resources */,
				849CB0072989133E003BD4FB /* PersonalAccountTableViewCell.xib in Resources */,
				849CAFF52988B82B003BD4FB /* LiveStreamViewController.xib in Resources */,
				849CAFED2988B7FC003BD4FB /* HomeViewController.xib in Resources */,
				84BA0054295BF3C200CD858F /* Sarabun-Medium.ttf in Resources */,
				849562D32975403700A4740D /* MyRecordTableViewCell.xib in Resources */,
				849CAFF92988B83F003BD4FB /* RankingViewController.xib in Resources */,
				84A3AF9A295D742D00F85434 /* Sarabun-SemiBold.ttf in Resources */,
				84BA000529542C5300CD858F /* Assets.xcassets in Resources */,
				849562E029755E4F00A4740D /* MyUploadTableViewCell.xib in Resources */,
				84BA003E29545DB800CD858F /* SecondViewController.xib in Resources */,
			);
			runOnlyForDeploymentPostprocessing = 0;
		};
/* End PBXResourcesBuildPhase section */

/* Begin PBXSourcesBuildPhase section */
		84BAFFF429542C5200CD858F /* Sources */ = {
			isa = PBXSourcesBuildPhase;
			buildActionMask = 2147483647;
			files = (
				849CAFFF2988FB18003BD4FB /* ConclusionSpacing.swift in Sources */,
				849CAFE92988B7B5003BD4FB /* TabbarViewController.swift in Sources */,
				849562F229769D5B00A4740D /* PersonalAccountViewController.swift in Sources */,
				84B8B989296FA78C007F3C48 /* RubyTopupView.swift in Sources */,
				84B8B9A8297525C2007F3C48 /* RecordVideoTabItem.swift in Sources */,
				849CB0062989133E003BD4FB /* PersonalAccountTableViewCell.swift in Sources */,
				849CAFF02988B814003BD4FB /* FavoriteViewController.swift in Sources */,
				84B8B987296FA777007F3C48 /* DiamondTopupView.swift in Sources */,
				84B8B99529701757007F3C48 /* LivestreamCenterViewController.swift in Sources */,
				849562E829768EB900A4740D /* EditObjectCell.swift in Sources */,
				849CAFFD2988F07D003BD4FB /* ConclusionView.swift in Sources */,
				84B8B991296FE712007F3C48 /* SpacingItem.swift in Sources */,
				84BA003D29545DB800CD858F /* SecondViewController.swift in Sources */,
				84BA0047295946BB00CD858F /* BottomSheetViewController.swift in Sources */,
				849562DA29755A0300A4740D /* MyUploadVideoView.swift in Sources */,
				84B8B99D29701D8C007F3C48 /* VideoRecordViewController.swift in Sources */,
				84B8B984296ECCC2007F3C48 /* TabbarGradient.swift in Sources */,
				84B8B9A629752405007F3C48 /* RecordVideoTabbar.swift in Sources */,
				849562ED297694F800A4740D /* EditObjectViewController.swift in Sources */,
				84BA000029542C5200CD858F /* ViewController.swift in Sources */,
				849CB00E298B94DA003BD4FB /* EditUploadViewController.swift in Sources */,
				84A3AF9D295D94DA00F85434 /* ThirdViewController.swift in Sources */,
				84BA00152954307E00CD858F /* AuthViewController.swift in Sources */,
				849CAFEC2988B7FC003BD4FB /* HomeViewController.swift in Sources */,
				849CB00A298A0C99003BD4FB /* SettingViewController.swift in Sources */,
				849562DF29755E4F00A4740D /* MyUploadTableViewCell.swift in Sources */,
				84B8B9A12974F24A007F3C48 /* LiveStreamCenterTableViewCell.swift in Sources */,
				84A3AFA5296554F900F85434 /* DiamondCollectionViewCell.swift in Sources */,
				849562D22975403700A4740D /* MyRecordTableViewCell.swift in Sources */,
				84BA004B2959719600CD858F /* CustomCell.swift in Sources */,
				849562E42976458F00A4740D /* EditDescriptViewController.swift in Sources */,
				84B8B98B296FA7A3007F3C48 /* RoseTopupView.swift in Sources */,
				849CAFFB2988CFFB003BD4FB /* ConclusionItem.swift in Sources */,
				849CAFF42988B82B003BD4FB /* LiveStreamViewController.swift in Sources */,
				84BAFFFC29542C5200CD858F /* AppDelegate.swift in Sources */,
				84B8B982296ECC90007F3C48 /* TabItem.swift in Sources */,
				849CAFF82988B83F003BD4FB /* RankingViewController.swift in Sources */,
			);
			runOnlyForDeploymentPostprocessing = 0;
		};
/* End PBXSourcesBuildPhase section */

/* Begin PBXVariantGroup section */
		84BA000629542C5300CD858F /* LaunchScreen.storyboard */ = {
			isa = PBXVariantGroup;
			children = (
				84BA000729542C5300CD858F /* Base */,
			);
			name = LaunchScreen.storyboard;
			sourceTree = "<group>";
		};
/* End PBXVariantGroup section */

/* Begin XCBuildConfiguration section */
		84BA000A29542C5300CD858F /* Debug */ = {
			isa = XCBuildConfiguration;
			buildSettings = {
				ALWAYS_SEARCH_USER_PATHS = NO;
				CLANG_ANALYZER_NONNULL = YES;
				CLANG_ANALYZER_NUMBER_OBJECT_CONVERSION = YES_AGGRESSIVE;
				CLANG_CXX_LANGUAGE_STANDARD = "gnu++17";
				CLANG_ENABLE_MODULES = YES;
				CLANG_ENABLE_OBJC_ARC = YES;
				CLANG_ENABLE_OBJC_WEAK = YES;
				CLANG_WARN_BLOCK_CAPTURE_AUTORELEASING = YES;
				CLANG_WARN_BOOL_CONVERSION = YES;
				CLANG_WARN_COMMA = YES;
				CLANG_WARN_CONSTANT_CONVERSION = YES;
				CLANG_WARN_DEPRECATED_OBJC_IMPLEMENTATIONS = YES;
				CLANG_WARN_DIRECT_OBJC_ISA_USAGE = YES_ERROR;
				CLANG_WARN_DOCUMENTATION_COMMENTS = YES;
				CLANG_WARN_EMPTY_BODY = YES;
				CLANG_WARN_ENUM_CONVERSION = YES;
				CLANG_WARN_INFINITE_RECURSION = YES;
				CLANG_WARN_INT_CONVERSION = YES;
				CLANG_WARN_NON_LITERAL_NULL_CONVERSION = YES;
				CLANG_WARN_OBJC_IMPLICIT_RETAIN_SELF = YES;
				CLANG_WARN_OBJC_LITERAL_CONVERSION = YES;
				CLANG_WARN_OBJC_ROOT_CLASS = YES_ERROR;
				CLANG_WARN_QUOTED_INCLUDE_IN_FRAMEWORK_HEADER = YES;
				CLANG_WARN_RANGE_LOOP_ANALYSIS = YES;
				CLANG_WARN_STRICT_PROTOTYPES = YES;
				CLANG_WARN_SUSPICIOUS_MOVE = YES;
				CLANG_WARN_UNGUARDED_AVAILABILITY = YES_AGGRESSIVE;
				CLANG_WARN_UNREACHABLE_CODE = YES;
				CLANG_WARN__DUPLICATE_METHOD_MATCH = YES;
				COPY_PHASE_STRIP = NO;
				DEBUG_INFORMATION_FORMAT = dwarf;
				ENABLE_STRICT_OBJC_MSGSEND = YES;
				ENABLE_TESTABILITY = YES;
				GCC_C_LANGUAGE_STANDARD = gnu11;
				GCC_DYNAMIC_NO_PIC = NO;
				GCC_NO_COMMON_BLOCKS = YES;
				GCC_OPTIMIZATION_LEVEL = 0;
				GCC_PREPROCESSOR_DEFINITIONS = (
					"DEBUG=1",
					"$(inherited)",
				);
				GCC_WARN_64_TO_32_BIT_CONVERSION = YES;
				GCC_WARN_ABOUT_RETURN_TYPE = YES_ERROR;
				GCC_WARN_UNDECLARED_SELECTOR = YES;
				GCC_WARN_UNINITIALIZED_AUTOS = YES_AGGRESSIVE;
				GCC_WARN_UNUSED_FUNCTION = YES;
				GCC_WARN_UNUSED_VARIABLE = YES;
				IPHONEOS_DEPLOYMENT_TARGET = 15.5;
				MTL_ENABLE_DEBUG_INFO = INCLUDE_SOURCE;
				MTL_FAST_MATH = YES;
				ONLY_ACTIVE_ARCH = YES;
				SDKROOT = iphoneos;
				SWIFT_ACTIVE_COMPILATION_CONDITIONS = DEBUG;
				SWIFT_OPTIMIZATION_LEVEL = "-Onone";
			};
			name = Debug;
		};
		84BA000B29542C5300CD858F /* Release */ = {
			isa = XCBuildConfiguration;
			buildSettings = {
				ALWAYS_SEARCH_USER_PATHS = NO;
				CLANG_ANALYZER_NONNULL = YES;
				CLANG_ANALYZER_NUMBER_OBJECT_CONVERSION = YES_AGGRESSIVE;
				CLANG_CXX_LANGUAGE_STANDARD = "gnu++17";
				CLANG_ENABLE_MODULES = YES;
				CLANG_ENABLE_OBJC_ARC = YES;
				CLANG_ENABLE_OBJC_WEAK = YES;
				CLANG_WARN_BLOCK_CAPTURE_AUTORELEASING = YES;
				CLANG_WARN_BOOL_CONVERSION = YES;
				CLANG_WARN_COMMA = YES;
				CLANG_WARN_CONSTANT_CONVERSION = YES;
				CLANG_WARN_DEPRECATED_OBJC_IMPLEMENTATIONS = YES;
				CLANG_WARN_DIRECT_OBJC_ISA_USAGE = YES_ERROR;
				CLANG_WARN_DOCUMENTATION_COMMENTS = YES;
				CLANG_WARN_EMPTY_BODY = YES;
				CLANG_WARN_ENUM_CONVERSION = YES;
				CLANG_WARN_INFINITE_RECURSION = YES;
				CLANG_WARN_INT_CONVERSION = YES;
				CLANG_WARN_NON_LITERAL_NULL_CONVERSION = YES;
				CLANG_WARN_OBJC_IMPLICIT_RETAIN_SELF = YES;
				CLANG_WARN_OBJC_LITERAL_CONVERSION = YES;
				CLANG_WARN_OBJC_ROOT_CLASS = YES_ERROR;
				CLANG_WARN_QUOTED_INCLUDE_IN_FRAMEWORK_HEADER = YES;
				CLANG_WARN_RANGE_LOOP_ANALYSIS = YES;
				CLANG_WARN_STRICT_PROTOTYPES = YES;
				CLANG_WARN_SUSPICIOUS_MOVE = YES;
				CLANG_WARN_UNGUARDED_AVAILABILITY = YES_AGGRESSIVE;
				CLANG_WARN_UNREACHABLE_CODE = YES;
				CLANG_WARN__DUPLICATE_METHOD_MATCH = YES;
				COPY_PHASE_STRIP = NO;
				DEBUG_INFORMATION_FORMAT = "dwarf-with-dsym";
				ENABLE_NS_ASSERTIONS = NO;
				ENABLE_STRICT_OBJC_MSGSEND = YES;
				GCC_C_LANGUAGE_STANDARD = gnu11;
				GCC_NO_COMMON_BLOCKS = YES;
				GCC_WARN_64_TO_32_BIT_CONVERSION = YES;
				GCC_WARN_ABOUT_RETURN_TYPE = YES_ERROR;
				GCC_WARN_UNDECLARED_SELECTOR = YES;
				GCC_WARN_UNINITIALIZED_AUTOS = YES_AGGRESSIVE;
				GCC_WARN_UNUSED_FUNCTION = YES;
				GCC_WARN_UNUSED_VARIABLE = YES;
				IPHONEOS_DEPLOYMENT_TARGET = 15.5;
				MTL_ENABLE_DEBUG_INFO = NO;
				MTL_FAST_MATH = YES;
				SDKROOT = iphoneos;
				SWIFT_COMPILATION_MODE = wholemodule;
				SWIFT_OPTIMIZATION_LEVEL = "-O";
				VALIDATE_PRODUCT = YES;
			};
			name = Release;
		};
		84BA000D29542C5300CD858F /* Debug */ = {
			isa = XCBuildConfiguration;
			buildSettings = {
				ASSETCATALOG_COMPILER_APPICON_NAME = AppIcon;
				ASSETCATALOG_COMPILER_GLOBAL_ACCENT_COLOR_NAME = AccentColor;
				CODE_SIGN_STYLE = Automatic;
				CURRENT_PROJECT_VERSION = 1;
				GENERATE_INFOPLIST_FILE = YES;
				INFOPLIST_FILE = TestXib/Info.plist;
				INFOPLIST_KEY_UIApplicationSupportsIndirectInputEvents = YES;
				INFOPLIST_KEY_UILaunchStoryboardName = LaunchScreen;
				INFOPLIST_KEY_UISupportedInterfaceOrientations_iPad = "UIInterfaceOrientationPortrait UIInterfaceOrientationPortraitUpsideDown UIInterfaceOrientationLandscapeLeft UIInterfaceOrientationLandscapeRight";
				INFOPLIST_KEY_UISupportedInterfaceOrientations_iPhone = "UIInterfaceOrientationPortrait UIInterfaceOrientationLandscapeLeft UIInterfaceOrientationLandscapeRight";
				LD_RUNPATH_SEARCH_PATHS = (
					"$(inherited)",
					"@executable_path/Frameworks",
				);
				MARKETING_VERSION = 1.0;
				PRODUCT_BUNDLE_IDENTIFIER = hn.TestXib;
				PRODUCT_NAME = "$(TARGET_NAME)";
				SWIFT_EMIT_LOC_STRINGS = YES;
				SWIFT_VERSION = 5.0;
				TARGETED_DEVICE_FAMILY = "1,2";
			};
			name = Debug;
		};
		84BA000E29542C5300CD858F /* Release */ = {
			isa = XCBuildConfiguration;
			buildSettings = {
				ASSETCATALOG_COMPILER_APPICON_NAME = AppIcon;
				ASSETCATALOG_COMPILER_GLOBAL_ACCENT_COLOR_NAME = AccentColor;
				CODE_SIGN_STYLE = Automatic;
				CURRENT_PROJECT_VERSION = 1;
				GENERATE_INFOPLIST_FILE = YES;
				INFOPLIST_FILE = TestXib/Info.plist;
				INFOPLIST_KEY_UIApplicationSupportsIndirectInputEvents = YES;
				INFOPLIST_KEY_UILaunchStoryboardName = LaunchScreen;
				INFOPLIST_KEY_UISupportedInterfaceOrientations_iPad = "UIInterfaceOrientationPortrait UIInterfaceOrientationPortraitUpsideDown UIInterfaceOrientationLandscapeLeft UIInterfaceOrientationLandscapeRight";
				INFOPLIST_KEY_UISupportedInterfaceOrientations_iPhone = "UIInterfaceOrientationPortrait UIInterfaceOrientationLandscapeLeft UIInterfaceOrientationLandscapeRight";
				LD_RUNPATH_SEARCH_PATHS = (
					"$(inherited)",
					"@executable_path/Frameworks",
				);
				MARKETING_VERSION = 1.0;
				PRODUCT_BUNDLE_IDENTIFIER = hn.TestXib;
				PRODUCT_NAME = "$(TARGET_NAME)";
				SWIFT_EMIT_LOC_STRINGS = YES;
				SWIFT_VERSION = 5.0;
				TARGETED_DEVICE_FAMILY = "1,2";
			};
			name = Release;
		};
/* End XCBuildConfiguration section */

/* Begin XCConfigurationList section */
		84BA000C29542C5300CD858F /* Build configuration list for PBXNativeTarget "TestXib" */ = {
			isa = XCConfigurationList;
			buildConfigurations = (
				84BA000D29542C5300CD858F /* Debug */,
				84BA000E29542C5300CD858F /* Release */,
			);
			defaultConfigurationIsVisible = 0;
			defaultConfigurationName = Release;
		};
		84BAFFF329542C5200CD858F /* Build configuration list for PBXProject "TestXib" */ = {
			isa = XCConfigurationList;
			buildConfigurations = (
				84BA000A29542C5300CD858F /* Debug */,
				84BA000B29542C5300CD858F /* Release */,
			);
			defaultConfigurationIsVisible = 0;
			defaultConfigurationName = Release;
		};
/* End XCConfigurationList section */
	};
	rootObject = 84BAFFF029542C5200CD858F /* Project object */;
}
