// !$*UTF8*$!
{
	archiveVersion = 1;
	classes = {
	};
	objectVersion = 55;
	objects = {

/* Begin PBXBuildFile section */
		84A3AF9A295D742D00F85434 /* Sarabun-SemiBold.ttf in Resources */ = {isa = PBXBuildFile; fileRef = 84A3AF99295D742D00F85434 /* Sarabun-SemiBold.ttf */; };
		84A3AF9D295D94DA00F85434 /* ThirdViewController.swift in Sources */ = {isa = PBXBuildFile; fileRef = 84A3AF9B295D94DA00F85434 /* ThirdViewController.swift */; };
		84A3AF9E295D94DA00F85434 /* ThirdViewController.xib in Resources */ = {isa = PBXBuildFile; fileRef = 84A3AF9C295D94DA00F85434 /* ThirdViewController.xib */; };
		84A3AFA0295DA79D00F85434 /* TabNavigationMenu.swift in Sources */ = {isa = PBXBuildFile; fileRef = 84A3AF9F295DA79D00F85434 /* TabNavigationMenu.swift */; };
		84BA000029542C5200CD858F /* ViewController.swift in Sources */ = {isa = PBXBuildFile; fileRef = 84BAFFFF29542C5200CD858F /* ViewController.swift */; };
		84BA000529542C5300CD858F /* Assets.xcassets in Resources */ = {isa = PBXBuildFile; fileRef = 84BA000429542C5300CD858F /* Assets.xcassets */; };
		84BA000829542C5300CD858F /* LaunchScreen.storyboard in Resources */ = {isa = PBXBuildFile; fileRef = 84BA000629542C5300CD858F /* LaunchScreen.storyboard */; };
		84BA00152954307E00CD858F /* AuthViewController.swift in Sources */ = {isa = PBXBuildFile; fileRef = 84BA00132954307E00CD858F /* AuthViewController.swift */; };
		84BA00162954307E00CD858F /* AuthViewController.xib in Resources */ = {isa = PBXBuildFile; fileRef = 84BA00142954307E00CD858F /* AuthViewController.xib */; };
		84BA0018295431D000CD858F /* ViewController.xib in Resources */ = {isa = PBXBuildFile; fileRef = 84BA0017295431D000CD858F /* ViewController.xib */; };
		84BA003D29545DB800CD858F /* SecondViewController.swift in Sources */ = {isa = PBXBuildFile; fileRef = 84BA003B29545DB800CD858F /* SecondViewController.swift */; };
		84BA003E29545DB800CD858F /* SecondViewController.xib in Resources */ = {isa = PBXBuildFile; fileRef = 84BA003C29545DB800CD858F /* SecondViewController.xib */; };
		84BA0047295946BB00CD858F /* BottomSheetViewController.swift in Sources */ = {isa = PBXBuildFile; fileRef = 84BA0045295946BB00CD858F /* BottomSheetViewController.swift */; };
		84BA0048295946BB00CD858F /* BottomSheetViewController.xib in Resources */ = {isa = PBXBuildFile; fileRef = 84BA0046295946BB00CD858F /* BottomSheetViewController.xib */; };
		84BA004B2959719600CD858F /* CustomCell.swift in Sources */ = {isa = PBXBuildFile; fileRef = 84BA00492959719600CD858F /* CustomCell.swift */; };
		84BA004C2959719600CD858F /* CustomCell.xib in Resources */ = {isa = PBXBuildFile; fileRef = 84BA004A2959719600CD858F /* CustomCell.xib */; };
		84BA0053295BF3BE00CD858F /* Sarabun-Regular.ttf in Resources */ = {isa = PBXBuildFile; fileRef = 84BA0051295BF02B00CD858F /* Sarabun-Regular.ttf */; };
		84BA0054295BF3C200CD858F /* Sarabun-Medium.ttf in Resources */ = {isa = PBXBuildFile; fileRef = 84BA0052295BF07A00CD858F /* Sarabun-Medium.ttf */; };
		84BA0057295BFA0100CD858F /* Sarabun-Thin.ttf in Resources */ = {isa = PBXBuildFile; fileRef = 84BA0056295BFA0100CD858F /* Sarabun-Thin.ttf */; };
		84BAFFFC29542C5200CD858F /* AppDelegate.swift in Sources */ = {isa = PBXBuildFile; fileRef = 84BAFFFB29542C5200CD858F /* AppDelegate.swift */; };
/* End PBXBuildFile section */

/* Begin PBXFileReference section */
		84A3AF99295D742D00F85434 /* Sarabun-SemiBold.ttf */ = {isa = PBXFileReference; lastKnownFileType = file; path = "Sarabun-SemiBold.ttf"; sourceTree = "<group>"; };
		84A3AF9B295D94DA00F85434 /* ThirdViewController.swift */ = {isa = PBXFileReference; lastKnownFileType = sourcecode.swift; path = ThirdViewController.swift; sourceTree = "<group>"; };
		84A3AF9C295D94DA00F85434 /* ThirdViewController.xib */ = {isa = PBXFileReference; lastKnownFileType = file.xib; path = ThirdViewController.xib; sourceTree = "<group>"; };
		84A3AF9F295DA79D00F85434 /* TabNavigationMenu.swift */ = {isa = PBXFileReference; lastKnownFileType = sourcecode.swift; path = TabNavigationMenu.swift; sourceTree = "<group>"; };
		84BA000429542C5300CD858F /* Assets.xcassets */ = {isa = PBXFileReference; lastKnownFileType = folder.assetcatalog; path = Assets.xcassets; sourceTree = "<group>"; };
		84BA000729542C5300CD858F /* Base */ = {isa = PBXFileReference; lastKnownFileType = file.storyboard; name = Base; path = Base.lproj/LaunchScreen.storyboard; sourceTree = "<group>"; };
		84BA000929542C5300CD858F /* Info.plist */ = {isa = PBXFileReference; lastKnownFileType = text.plist.xml; path = Info.plist; sourceTree = "<group>"; };
		84BA00132954307E00CD858F /* AuthViewController.swift */ = {isa = PBXFileReference; lastKnownFileType = sourcecode.swift; path = AuthViewController.swift; sourceTree = "<group>"; };
		84BA00142954307E00CD858F /* AuthViewController.xib */ = {isa = PBXFileReference; lastKnownFileType = file.xib; path = AuthViewController.xib; sourceTree = "<group>"; };
		84BA0017295431D000CD858F /* ViewController.xib */ = {isa = PBXFileReference; lastKnownFileType = file.xib; path = ViewController.xib; sourceTree = "<group>"; };
		84BA003B29545DB800CD858F /* SecondViewController.swift */ = {isa = PBXFileReference; lastKnownFileType = sourcecode.swift; path = SecondViewController.swift; sourceTree = "<group>"; };
		84BA003C29545DB800CD858F /* SecondViewController.xib */ = {isa = PBXFileReference; lastKnownFileType = file.xib; path = SecondViewController.xib; sourceTree = "<group>"; };
		84BA0045295946BB00CD858F /* BottomSheetViewController.swift */ = {isa = PBXFileReference; lastKnownFileType = sourcecode.swift; path = BottomSheetViewController.swift; sourceTree = "<group>"; };
		84BA0046295946BB00CD858F /* BottomSheetViewController.xib */ = {isa = PBXFileReference; lastKnownFileType = file.xib; path = BottomSheetViewController.xib; sourceTree = "<group>"; };
		84BA00492959719600CD858F /* CustomCell.swift */ = {isa = PBXFileReference; lastKnownFileType = sourcecode.swift; path = CustomCell.swift; sourceTree = "<group>"; };
		84BA004A2959719600CD858F /* CustomCell.xib */ = {isa = PBXFileReference; lastKnownFileType = file.xib; path = CustomCell.xib; sourceTree = "<group>"; };
		84BA0051295BF02B00CD858F /* Sarabun-Regular.ttf */ = {isa = PBXFileReference; lastKnownFileType = file; path = "Sarabun-Regular.ttf"; sourceTree = "<group>"; };
		84BA0052295BF07A00CD858F /* Sarabun-Medium.ttf */ = {isa = PBXFileReference; lastKnownFileType = file; path = "Sarabun-Medium.ttf"; sourceTree = "<group>"; };
		84BA0056295BFA0100CD858F /* Sarabun-Thin.ttf */ = {isa = PBXFileReference; lastKnownFileType = file; path = "Sarabun-Thin.ttf"; sourceTree = "<group>"; };
		84BAFFF829542C5200CD858F /* TestXib.app */ = {isa = PBXFileReference; explicitFileType = wrapper.application; includeInIndex = 0; path = TestXib.app; sourceTree = BUILT_PRODUCTS_DIR; };
		84BAFFFB29542C5200CD858F /* AppDelegate.swift */ = {isa = PBXFileReference; lastKnownFileType = sourcecode.swift; path = AppDelegate.swift; sourceTree = "<group>"; };
		84BAFFFF29542C5200CD858F /* ViewController.swift */ = {isa = PBXFileReference; lastKnownFileType = sourcecode.swift; path = ViewController.swift; sourceTree = "<group>"; };
/* End PBXFileReference section */

/* Begin PBXFrameworksBuildPhase section */
		84BAFFF529542C5200CD858F /* Frameworks */ = {
			isa = PBXFrameworksBuildPhase;
			buildActionMask = 2147483647;
			files = (
			);
			runOnlyForDeploymentPostprocessing = 0;
		};
/* End PBXFrameworksBuildPhase section */

/* Begin PBXGroup section */
		84BA004F295BEFE800CD858F /* View */ = {
			isa = PBXGroup;
			children = (
				84BA00132954307E00CD858F /* AuthViewController.swift */,
				84BA00142954307E00CD858F /* AuthViewController.xib */,
				84BAFFFF29542C5200CD858F /* ViewController.swift */,
				84BA0017295431D000CD858F /* ViewController.xib */,
				84BA003B29545DB800CD858F /* SecondViewController.swift */,
				84BA003C29545DB800CD858F /* SecondViewController.xib */,
				84BA0045295946BB00CD858F /* BottomSheetViewController.swift */,
				84BA0046295946BB00CD858F /* BottomSheetViewController.xib */,
				84BA00492959719600CD858F /* CustomCell.swift */,
				84BA004A2959719600CD858F /* CustomCell.xib */,
				84A3AF9B295D94DA00F85434 /* ThirdViewController.swift */,
				84A3AF9C295D94DA00F85434 /* ThirdViewController.xib */,
				84A3AF9F295DA79D00F85434 /* TabNavigationMenu.swift */,
			);
			path = View;
			sourceTree = "<group>";
		};
		84BA0050295BEFF400CD858F /* Font */ = {
			isa = PBXGroup;
			children = (
				84BA0051295BF02B00CD858F /* Sarabun-Regular.ttf */,
				84BA0052295BF07A00CD858F /* Sarabun-Medium.ttf */,
				84BA0056295BFA0100CD858F /* Sarabun-Thin.ttf */,
				84A3AF99295D742D00F85434 /* Sarabun-SemiBold.ttf */,
			);
			path = Font;
			sourceTree = "<group>";
		};
		84BAFFEF29542C5200CD858F = {
			isa = PBXGroup;
			children = (
				84BAFFFA29542C5200CD858F /* TestXib */,
				84BA0050295BEFF400CD858F /* Font */,
				84BAFFF929542C5200CD858F /* Products */,
			);
			sourceTree = "<group>";
		};
		84BAFFF929542C5200CD858F /* Products */ = {
			isa = PBXGroup;
			children = (
				84BAFFF829542C5200CD858F /* TestXib.app */,
			);
			name = Products;
			sourceTree = "<group>";
		};
		84BAFFFA29542C5200CD858F /* TestXib */ = {
			isa = PBXGroup;
			children = (
				84BAFFFB29542C5200CD858F /* AppDelegate.swift */,
				84BA000429542C5300CD858F /* Assets.xcassets */,
				84BA000629542C5300CD858F /* LaunchScreen.storyboard */,
				84BA000929542C5300CD858F /* Info.plist */,
				84BA004F295BEFE800CD858F /* View */,
			);
			path = TestXib;
			sourceTree = "<group>";
		};
/* End PBXGroup section */

/* Begin PBXNativeTarget section */
		84BAFFF729542C5200CD858F /* TestXib */ = {
			isa = PBXNativeTarget;
			buildConfigurationList = 84BA000C29542C5300CD858F /* Build configuration list for PBXNativeTarget "TestXib" */;
			buildPhases = (
				84BAFFF429542C5200CD858F /* Sources */,
				84BAFFF529542C5200CD858F /* Frameworks */,
				84BAFFF629542C5200CD858F /* Resources */,
			);
			buildRules = (
			);
			dependencies = (
			);
			name = TestXib;
			productName = TestXib;
			productReference = 84BAFFF829542C5200CD858F /* TestXib.app */;
			productType = "com.apple.product-type.application";
		};
/* End PBXNativeTarget section */

/* Begin PBXProject section */
		84BAFFF029542C5200CD858F /* Project object */ = {
			isa = PBXProject;
			attributes = {
				BuildIndependentTargetsInParallel = 1;
				LastSwiftUpdateCheck = 1340;
				LastUpgradeCheck = 1340;
				TargetAttributes = {
					84BAFFF729542C5200CD858F = {
						CreatedOnToolsVersion = 13.4.1;
					};
				};
			};
			buildConfigurationList = 84BAFFF329542C5200CD858F /* Build configuration list for PBXProject "TestXib" */;
			compatibilityVersion = "Xcode 13.0";
			developmentRegion = en;
			hasScannedForEncodings = 0;
			knownRegions = (
				en,
				Base,
			);
			mainGroup = 84BAFFEF29542C5200CD858F;
			productRefGroup = 84BAFFF929542C5200CD858F /* Products */;
			projectDirPath = "";
			projectRoot = "";
			targets = (
				84BAFFF729542C5200CD858F /* TestXib */,
			);
		};
/* End PBXProject section */

/* Begin PBXResourcesBuildPhase section */
		84BAFFF629542C5200CD858F /* Resources */ = {
			isa = PBXResourcesBuildPhase;
			buildActionMask = 2147483647;
			files = (
				84BA0018295431D000CD858F /* ViewController.xib in Resources */,
				84BA0048295946BB00CD858F /* BottomSheetViewController.xib in Resources */,
				84A3AF9E295D94DA00F85434 /* ThirdViewController.xib in Resources */,
				84BA0053295BF3BE00CD858F /* Sarabun-Regular.ttf in Resources */,
				84BA004C2959719600CD858F /* CustomCell.xib in Resources */,
				84BA00162954307E00CD858F /* AuthViewController.xib in Resources */,
				84BA000829542C5300CD858F /* LaunchScreen.storyboard in Resources */,
				84BA0057295BFA0100CD858F /* Sarabun-Thin.ttf in Resources */,
				84BA0054295BF3C200CD858F /* Sarabun-Medium.ttf in Resources */,
				84A3AF9A295D742D00F85434 /* Sarabun-SemiBold.ttf in Resources */,
				84BA000529542C5300CD858F /* Assets.xcassets in Resources */,
				84BA003E29545DB800CD858F /* SecondViewController.xib in Resources */,
			);
			runOnlyForDeploymentPostprocessing = 0;
		};
/* End PBXResourcesBuildPhase section */

/* Begin PBXSourcesBuildPhase section */
		84BAFFF429542C5200CD858F /* Sources */ = {
			isa = PBXSourcesBuildPhase;
			buildActionMask = 2147483647;
			files = (
				84BA003D29545DB800CD858F /* SecondViewController.swift in Sources */,
				84BA0047295946BB00CD858F /* BottomSheetViewController.swift in Sources */,
				84BA000029542C5200CD858F /* ViewController.swift in Sources */,
				84A3AF9D295D94DA00F85434 /* ThirdViewController.swift in Sources */,
				84BA00152954307E00CD858F /* AuthViewController.swift in Sources */,
				84BA004B2959719600CD858F /* CustomCell.swift in Sources */,
				84A3AFA0295DA79D00F85434 /* TabNavigationMenu.swift in Sources */,
				84BAFFFC29542C5200CD858F /* AppDelegate.swift in Sources */,
			);
			runOnlyForDeploymentPostprocessing = 0;
		};
/* End PBXSourcesBuildPhase section */

/* Begin PBXVariantGroup section */
		84BA000629542C5300CD858F /* LaunchScreen.storyboard */ = {
			isa = PBXVariantGroup;
			children = (
				84BA000729542C5300CD858F /* Base */,
			);
			name = LaunchScreen.storyboard;
			sourceTree = "<group>";
		};
/* End PBXVariantGroup section */

/* Begin XCBuildConfiguration section */
		84BA000A29542C5300CD858F /* Debug */ = {
			isa = XCBuildConfiguration;
			buildSettings = {
				ALWAYS_SEARCH_USER_PATHS = NO;
				CLANG_ANALYZER_NONNULL = YES;
				CLANG_ANALYZER_NUMBER_OBJECT_CONVERSION = YES_AGGRESSIVE;
				CLANG_CXX_LANGUAGE_STANDARD = "gnu++17";
				CLANG_ENABLE_MODULES = YES;
				CLANG_ENABLE_OBJC_ARC = YES;
				CLANG_ENABLE_OBJC_WEAK = YES;
				CLANG_WARN_BLOCK_CAPTURE_AUTORELEASING = YES;
				CLANG_WARN_BOOL_CONVERSION = YES;
				CLANG_WARN_COMMA = YES;
				CLANG_WARN_CONSTANT_CONVERSION = YES;
				CLANG_WARN_DEPRECATED_OBJC_IMPLEMENTATIONS = YES;
				CLANG_WARN_DIRECT_OBJC_ISA_USAGE = YES_ERROR;
				CLANG_WARN_DOCUMENTATION_COMMENTS = YES;
				CLANG_WARN_EMPTY_BODY = YES;
				CLANG_WARN_ENUM_CONVERSION = YES;
				CLANG_WARN_INFINITE_RECURSION = YES;
				CLANG_WARN_INT_CONVERSION = YES;
				CLANG_WARN_NON_LITERAL_NULL_CONVERSION = YES;
				CLANG_WARN_OBJC_IMPLICIT_RETAIN_SELF = YES;
				CLANG_WARN_OBJC_LITERAL_CONVERSION = YES;
				CLANG_WARN_OBJC_ROOT_CLASS = YES_ERROR;
				CLANG_WARN_QUOTED_INCLUDE_IN_FRAMEWORK_HEADER = YES;
				CLANG_WARN_RANGE_LOOP_ANALYSIS = YES;
				CLANG_WARN_STRICT_PROTOTYPES = YES;
				CLANG_WARN_SUSPICIOUS_MOVE = YES;
				CLANG_WARN_UNGUARDED_AVAILABILITY = YES_AGGRESSIVE;
				CLANG_WARN_UNREACHABLE_CODE = YES;
				CLANG_WARN__DUPLICATE_METHOD_MATCH = YES;
				COPY_PHASE_STRIP = NO;
				DEBUG_INFORMATION_FORMAT = dwarf;
				ENABLE_STRICT_OBJC_MSGSEND = YES;
				ENABLE_TESTABILITY = YES;
				GCC_C_LANGUAGE_STANDARD = gnu11;
				GCC_DYNAMIC_NO_PIC = NO;
				GCC_NO_COMMON_BLOCKS = YES;
				GCC_OPTIMIZATION_LEVEL = 0;
				GCC_PREPROCESSOR_DEFINITIONS = (
					"DEBUG=1",
					"$(inherited)",
				);
				GCC_WARN_64_TO_32_BIT_CONVERSION = YES;
				GCC_WARN_ABOUT_RETURN_TYPE = YES_ERROR;
				GCC_WARN_UNDECLARED_SELECTOR = YES;
				GCC_WARN_UNINITIALIZED_AUTOS = YES_AGGRESSIVE;
				GCC_WARN_UNUSED_FUNCTION = YES;
				GCC_WARN_UNUSED_VARIABLE = YES;
				IPHONEOS_DEPLOYMENT_TARGET = 15.5;
				MTL_ENABLE_DEBUG_INFO = INCLUDE_SOURCE;
				MTL_FAST_MATH = YES;
				ONLY_ACTIVE_ARCH = YES;
				SDKROOT = iphoneos;
				SWIFT_ACTIVE_COMPILATION_CONDITIONS = DEBUG;
				SWIFT_OPTIMIZATION_LEVEL = "-Onone";
			};
			name = Debug;
		};
		84BA000B29542C5300CD858F /* Release */ = {
			isa = XCBuildConfiguration;
			buildSettings = {
				ALWAYS_SEARCH_USER_PATHS = NO;
				CLANG_ANALYZER_NONNULL = YES;
				CLANG_ANALYZER_NUMBER_OBJECT_CONVERSION = YES_AGGRESSIVE;
				CLANG_CXX_LANGUAGE_STANDARD = "gnu++17";
				CLANG_ENABLE_MODULES = YES;
				CLANG_ENABLE_OBJC_ARC = YES;
				CLANG_ENABLE_OBJC_WEAK = YES;
				CLANG_WARN_BLOCK_CAPTURE_AUTORELEASING = YES;
				CLANG_WARN_BOOL_CONVERSION = YES;
				CLANG_WARN_COMMA = YES;
				CLANG_WARN_CONSTANT_CONVERSION = YES;
				CLANG_WARN_DEPRECATED_OBJC_IMPLEMENTATIONS = YES;
				CLANG_WARN_DIRECT_OBJC_ISA_USAGE = YES_ERROR;
				CLANG_WARN_DOCUMENTATION_COMMENTS = YES;
				CLANG_WARN_EMPTY_BODY = YES;
				CLANG_WARN_ENUM_CONVERSION = YES;
				CLANG_WARN_INFINITE_RECURSION = YES;
				CLANG_WARN_INT_CONVERSION = YES;
				CLANG_WARN_NON_LITERAL_NULL_CONVERSION = YES;
				CLANG_WARN_OBJC_IMPLICIT_RETAIN_SELF = YES;
				CLANG_WARN_OBJC_LITERAL_CONVERSION = YES;
				CLANG_WARN_OBJC_ROOT_CLASS = YES_ERROR;
				CLANG_WARN_QUOTED_INCLUDE_IN_FRAMEWORK_HEADER = YES;
				CLANG_WARN_RANGE_LOOP_ANALYSIS = YES;
				CLANG_WARN_STRICT_PROTOTYPES = YES;
				CLANG_WARN_SUSPICIOUS_MOVE = YES;
				CLANG_WARN_UNGUARDED_AVAILABILITY = YES_AGGRESSIVE;
				CLANG_WARN_UNREACHABLE_CODE = YES;
				CLANG_WARN__DUPLICATE_METHOD_MATCH = YES;
				COPY_PHASE_STRIP = NO;
				DEBUG_INFORMATION_FORMAT = "dwarf-with-dsym";
				ENABLE_NS_ASSERTIONS = NO;
				ENABLE_STRICT_OBJC_MSGSEND = YES;
				GCC_C_LANGUAGE_STANDARD = gnu11;
				GCC_NO_COMMON_BLOCKS = YES;
				GCC_WARN_64_TO_32_BIT_CONVERSION = YES;
				GCC_WARN_ABOUT_RETURN_TYPE = YES_ERROR;
				GCC_WARN_UNDECLARED_SELECTOR = YES;
				GCC_WARN_UNINITIALIZED_AUTOS = YES_AGGRESSIVE;
				GCC_WARN_UNUSED_FUNCTION = YES;
				GCC_WARN_UNUSED_VARIABLE = YES;
				IPHONEOS_DEPLOYMENT_TARGET = 15.5;
				MTL_ENABLE_DEBUG_INFO = NO;
				MTL_FAST_MATH = YES;
				SDKROOT = iphoneos;
				SWIFT_COMPILATION_MODE = wholemodule;
				SWIFT_OPTIMIZATION_LEVEL = "-O";
				VALIDATE_PRODUCT = YES;
			};
			name = Release;
		};
		84BA000D29542C5300CD858F /* Debug */ = {
			isa = XCBuildConfiguration;
			buildSettings = {
				ASSETCATALOG_COMPILER_APPICON_NAME = AppIcon;
				ASSETCATALOG_COMPILER_GLOBAL_ACCENT_COLOR_NAME = AccentColor;
				CODE_SIGN_STYLE = Automatic;
				CURRENT_PROJECT_VERSION = 1;
				GENERATE_INFOPLIST_FILE = YES;
				INFOPLIST_FILE = TestXib/Info.plist;
				INFOPLIST_KEY_UIApplicationSupportsIndirectInputEvents = YES;
				INFOPLIST_KEY_UILaunchStoryboardName = LaunchScreen;
				INFOPLIST_KEY_UISupportedInterfaceOrientations_iPad = "UIInterfaceOrientationPortrait UIInterfaceOrientationPortraitUpsideDown UIInterfaceOrientationLandscapeLeft UIInterfaceOrientationLandscapeRight";
				INFOPLIST_KEY_UISupportedInterfaceOrientations_iPhone = "UIInterfaceOrientationPortrait UIInterfaceOrientationLandscapeLeft UIInterfaceOrientationLandscapeRight";
				LD_RUNPATH_SEARCH_PATHS = (
					"$(inherited)",
					"@executable_path/Frameworks",
				);
				MARKETING_VERSION = 1.0;
				PRODUCT_BUNDLE_IDENTIFIER = hn.TestXib;
				PRODUCT_NAME = "$(TARGET_NAME)";
				SWIFT_EMIT_LOC_STRINGS = YES;
				SWIFT_VERSION = 5.0;
				TARGETED_DEVICE_FAMILY = "1,2";
			};
			name = Debug;
		};
		84BA000E29542C5300CD858F /* Release */ = {
			isa = XCBuildConfiguration;
			buildSettings = {
				ASSETCATALOG_COMPILER_APPICON_NAME = AppIcon;
				ASSETCATALOG_COMPILER_GLOBAL_ACCENT_COLOR_NAME = AccentColor;
				CODE_SIGN_STYLE = Automatic;
				CURRENT_PROJECT_VERSION = 1;
				GENERATE_INFOPLIST_FILE = YES;
				INFOPLIST_FILE = TestXib/Info.plist;
				INFOPLIST_KEY_UIApplicationSupportsIndirectInputEvents = YES;
				INFOPLIST_KEY_UILaunchStoryboardName = LaunchScreen;
				INFOPLIST_KEY_UISupportedInterfaceOrientations_iPad = "UIInterfaceOrientationPortrait UIInterfaceOrientationPortraitUpsideDown UIInterfaceOrientationLandscapeLeft UIInterfaceOrientationLandscapeRight";
				INFOPLIST_KEY_UISupportedInterfaceOrientations_iPhone = "UIInterfaceOrientationPortrait UIInterfaceOrientationLandscapeLeft UIInterfaceOrientationLandscapeRight";
				LD_RUNPATH_SEARCH_PATHS = (
					"$(inherited)",
					"@executable_path/Frameworks",
				);
				MARKETING_VERSION = 1.0;
				PRODUCT_BUNDLE_IDENTIFIER = hn.TestXib;
				PRODUCT_NAME = "$(TARGET_NAME)";
				SWIFT_EMIT_LOC_STRINGS = YES;
				SWIFT_VERSION = 5.0;
				TARGETED_DEVICE_FAMILY = "1,2";
			};
			name = Release;
		};
/* End XCBuildConfiguration section */

/* Begin XCConfigurationList section */
		84BA000C29542C5300CD858F /* Build configuration list for PBXNativeTarget "TestXib" */ = {
			isa = XCConfigurationList;
			buildConfigurations = (
				84BA000D29542C5300CD858F /* Debug */,
				84BA000E29542C5300CD858F /* Release */,
			);
			defaultConfigurationIsVisible = 0;
			defaultConfigurationName = Release;
		};
		84BAFFF329542C5200CD858F /* Build configuration list for PBXProject "TestXib" */ = {
			isa = XCConfigurationList;
			buildConfigurations = (
				84BA000A29542C5300CD858F /* Debug */,
				84BA000B29542C5300CD858F /* Release */,
			);
			defaultConfigurationIsVisible = 0;
			defaultConfigurationName = Release;
		};
/* End XCConfigurationList section */
	};
	rootObject = 84BAFFF029542C5200CD858F /* Project object */;
}
